Microsoft Visual Studio Solution File, Format Version 12.00
# Visual Studio Version 17
VisualStudioVersion = 17.5.2.0
MinimumVisualStudioVersion = 10.0.40219.1
Project("{FAE04EC0-301F-11D3-BF4B-00C04F79EFBC}") = "String_metotlar", "String_metotlar.csproj", "{2ACA969F-4195-4CBB-4371-1C8411B12EB9}"
EndProject
Global
	GlobalSection(SolutionConfigurationPlatforms) = preSolution
		Debug|Any CPU = Debug|Any CPU
		Release|Any CPU = Release|Any CPU
	EndGlobalSection
	GlobalSection(ProjectConfigurationPlatforms) = postSolution
		{2ACA969F-4195-4CBB-4371-1C8411B12EB9}.Debug|Any CPU.ActiveCfg = Debug|Any CPU
		{2ACA969F-4195-4CBB-4371-1C8411B12EB9}.Debug|Any CPU.Build.0 = Debug|Any CPU
		{2ACA969F-4195-4CBB-4371-1C8411B12EB9}.Release|Any CPU.ActiveCfg = Release|Any CPU
		{2ACA969F-4195-4CBB-4371-1C8411B12EB9}.Release|Any CPU.Build.0 = Release|Any CPU
	EndGlobalSection
	GlobalSection(SolutionProperties) = preSolution
		HideSolutionNode = FALSE
	EndGlobalSection
	GlobalSection(ExtensibilityGlobals) = postSolution
		SolutionGuid = {0A813ECB-7918-4336-9BF3-90A6327AAC78}
	EndGlobalSection
EndGlobal
